
Microsoft Visual Studio Solution File, Format Version 12.00
# Visual Studio 15
VisualStudioVersion = 15.0.28307.329
MinimumVisualStudioVersion = 10.0.40219.1
Project("{FAE04EC0-301F-11D3-BF4B-00C04F79EFBC}") = "SGRS.BLL", "SGRS.BLL\SGRS.BLL.csproj", "{DE323D40-0ACF-4E01-87B0-EE198335A7E8}"
EndProject
Project("{FAE04EC0-301F-11D3-BF4B-00C04F79EFBC}") = "SGRS.DAL", "SGRS.DAL\SGRS.DAL.csproj", "{2CDF6559-6A30-4A74-8BED-D5D7F594F68F}"
EndProject
Project("{FAE04EC0-301F-11D3-BF4B-00C04F79EFBC}") = "SGRS.Entity", "SGRS.Entity\SGRS.Entity.csproj", "{7051EC4D-8532-4A46-948F-7E9B4475EF8D}"
EndProject
Project("{FAE04EC0-301F-11D3-BF4B-00C04F79EFBC}") = "SGRS.Helper", "SGRS.Helper\SGRS.Helper.csproj", "{03BC6338-32F2-4E9A-8734-D5DDAD1656F9}"
EndProject
Project("{FAE04EC0-301F-11D3-BF4B-00C04F79EFBC}") = "SGRS", "SGRS\SGRS.csproj", "{0093CEE9-1F22-4CF1-9389-3ADC2F0D94AB}"
EndProject
Global
	GlobalSection(SolutionConfigurationPlatforms) = preSolution
		Debug|Any CPU = Debug|Any CPU
		Release|Any CPU = Release|Any CPU
	EndGlobalSection
	GlobalSection(ProjectConfigurationPlatforms) = postSolution
		{DE323D40-0ACF-4E01-87B0-EE198335A7E8}.Debug|Any CPU.ActiveCfg = Debug|Any CPU
		{DE323D40-0ACF-4E01-87B0-EE198335A7E8}.Debug|Any CPU.Build.0 = Debug|Any CPU
		{DE323D40-0ACF-4E01-87B0-EE198335A7E8}.Release|Any CPU.ActiveCfg = Release|Any CPU
		{DE323D40-0ACF-4E01-87B0-EE198335A7E8}.Release|Any CPU.Build.0 = Release|Any CPU
		{2CDF6559-6A30-4A74-8BED-D5D7F594F68F}.Debug|Any CPU.ActiveCfg = Debug|Any CPU
		{2CDF6559-6A30-4A74-8BED-D5D7F594F68F}.Debug|Any CPU.Build.0 = Debug|Any CPU
		{2CDF6559-6A30-4A74-8BED-D5D7F594F68F}.Release|Any CPU.ActiveCfg = Release|Any CPU
		{2CDF6559-6A30-4A74-8BED-D5D7F594F68F}.Release|Any CPU.Build.0 = Release|Any CPU
		{7051EC4D-8532-4A46-948F-7E9B4475EF8D}.Debug|Any CPU.ActiveCfg = Debug|Any CPU
		{7051EC4D-8532-4A46-948F-7E9B4475EF8D}.Debug|Any CPU.Build.0 = Debug|Any CPU
		{7051EC4D-8532-4A46-948F-7E9B4475EF8D}.Release|Any CPU.ActiveCfg = Release|Any CPU
		{7051EC4D-8532-4A46-948F-7E9B4475EF8D}.Release|Any CPU.Build.0 = Release|Any CPU
		{03BC6338-32F2-4E9A-8734-D5DDAD1656F9}.Debug|Any CPU.ActiveCfg = Debug|Any CPU
		{03BC6338-32F2-4E9A-8734-D5DDAD1656F9}.Debug|Any CPU.Build.0 = Debug|Any CPU
		{03BC6338-32F2-4E9A-8734-D5DDAD1656F9}.Release|Any CPU.ActiveCfg = Release|Any CPU
		{03BC6338-32F2-4E9A-8734-D5DDAD1656F9}.Release|Any CPU.Build.0 = Release|Any CPU
		{0093CEE9-1F22-4CF1-9389-3ADC2F0D94AB}.Debug|Any CPU.ActiveCfg = Debug|Any CPU
		{0093CEE9-1F22-4CF1-9389-3ADC2F0D94AB}.Debug|Any CPU.Build.0 = Debug|Any CPU
		{0093CEE9-1F22-4CF1-9389-3ADC2F0D94AB}.Release|Any CPU.ActiveCfg = Release|Any CPU
		{0093CEE9-1F22-4CF1-9389-3ADC2F0D94AB}.Release|Any CPU.Build.0 = Release|Any CPU
	EndGlobalSection
	GlobalSection(SolutionProperties) = preSolution
		HideSolutionNode = FALSE
	EndGlobalSection
	GlobalSection(ExtensibilityGlobals) = postSolution
		SolutionGuid = {2914DEDE-A2B0-4216-B549-ADB0CC749D99}
	EndGlobalSection
EndGlobal
